
Microsoft Visual Studio Solution File, Format Version 12.00
# Visual Studio Version 17
VisualStudioVersion = 17.14.36127.28 d17.14
MinimumVisualStudioVersion = 10.0.40219.1
Project("{FAE04EC0-301F-11D3-BF4B-00C04F79EFBC}") = "Ejercicio 11", "Ejercicio 11\Ejercicio 11.csproj", "{F3F0ED8C-9E70-49A8-93B4-45416A1EFCCA}"
EndProject
Global
	GlobalSection(SolutionConfigurationPlatforms) = preSolution
		Debug|Any CPU = Debug|Any CPU
		Release|Any CPU = Release|Any CPU
	EndGlobalSection
	GlobalSection(ProjectConfigurationPlatforms) = postSolution
		{F3F0ED8C-9E70-49A8-93B4-45416A1EFCCA}.Debug|Any CPU.ActiveCfg = Debug|Any CPU
		{F3F0ED8C-9E70-49A8-93B4-45416A1EFCCA}.Debug|Any CPU.Build.0 = Debug|Any CPU
		{F3F0ED8C-9E70-49A8-93B4-45416A1EFCCA}.Release|Any CPU.ActiveCfg = Release|Any CPU
		{F3F0ED8C-9E70-49A8-93B4-45416A1EFCCA}.Release|Any CPU.Build.0 = Release|Any CPU
	EndGlobalSection
	GlobalSection(SolutionProperties) = preSolution
		HideSolutionNode = FALSE
	EndGlobalSection
	GlobalSection(ExtensibilityGlobals) = postSolution
		SolutionGuid = {85F7DC48-1276-4363-BB1E-A5EBBFFA067D}
	EndGlobalSection
EndGlobal
